// !$*UTF8*$!
{
	archiveVersion = 1;
	classes = {
	};
	objectVersion = 56;
	objects = {

/* Begin PBXBuildFile section */
		A03352F8297D227900100545 /* AppDelegate.swift in Sources */ = {isa = PBXBuildFile; fileRef = A03352F7297D227900100545 /* AppDelegate.swift */; };
		A03352FA297D227900100545 /* SceneDelegate.swift in Sources */ = {isa = PBXBuildFile; fileRef = A03352F9297D227900100545 /* SceneDelegate.swift */; };
		A03352FC297D227900100545 /* ConversationsViewController.swift in Sources */ = {isa = PBXBuildFile; fileRef = A03352FB297D227900100545 /* ConversationsViewController.swift */; };
		A03352FF297D227900100545 /* Main.storyboard in Resources */ = {isa = PBXBuildFile; fileRef = A03352FD297D227900100545 /* Main.storyboard */; };
		A0335301297D227D00100545 /* Assets.xcassets in Resources */ = {isa = PBXBuildFile; fileRef = A0335300297D227D00100545 /* Assets.xcassets */; };
		A0335304297D227E00100545 /* LaunchScreen.storyboard in Resources */ = {isa = PBXBuildFile; fileRef = A0335302297D227E00100545 /* LaunchScreen.storyboard */; };
		A0335312297D291700100545 /* LoginViewController.swift in Sources */ = {isa = PBXBuildFile; fileRef = A0335311297D291700100545 /* LoginViewController.swift */; };
		A0335314297D292100100545 /* RegisterViewController.swift in Sources */ = {isa = PBXBuildFile; fileRef = A0335313297D292100100545 /* RegisterViewController.swift */; };
		A0335316297D293100100545 /* PhotoViewerViewController.swift in Sources */ = {isa = PBXBuildFile; fileRef = A0335315297D293100100545 /* PhotoViewerViewController.swift */; };
		A0335318297D293F00100545 /* VideoPlayerViewController.swift in Sources */ = {isa = PBXBuildFile; fileRef = A0335317297D293F00100545 /* VideoPlayerViewController.swift */; };
		A033531A297D294F00100545 /* NewConversationViewController.swift in Sources */ = {isa = PBXBuildFile; fileRef = A0335319297D294F00100545 /* NewConversationViewController.swift */; };
		A033531C297D295A00100545 /* ProfileViewController.swift in Sources */ = {isa = PBXBuildFile; fileRef = A033531B297D295A00100545 /* ProfileViewController.swift */; };
		A033531F297E938700100545 /* Extensions.swift in Sources */ = {isa = PBXBuildFile; fileRef = A033531E297E938700100545 /* Extensions.swift */; };
		A05F1B61297F9FA500169210 /* FirebaseAnalytics in Frameworks */ = {isa = PBXBuildFile; productRef = A05F1B60297F9FA500169210 /* FirebaseAnalytics */; };
		A05F1B63297F9FA500169210 /* FirebaseAnalyticsOnDeviceConversion in Frameworks */ = {isa = PBXBuildFile; productRef = A05F1B62297F9FA500169210 /* FirebaseAnalyticsOnDeviceConversion */; };
		A05F1B65297F9FA500169210 /* FirebaseAnalyticsSwift in Frameworks */ = {isa = PBXBuildFile; productRef = A05F1B64297F9FA500169210 /* FirebaseAnalyticsSwift */; };
		A05F1B67297F9FA500169210 /* FirebaseAnalyticsWithoutAdIdSupport in Frameworks */ = {isa = PBXBuildFile; productRef = A05F1B66297F9FA500169210 /* FirebaseAnalyticsWithoutAdIdSupport */; };
		A05F1B69297F9FA500169210 /* FirebaseAppCheck in Frameworks */ = {isa = PBXBuildFile; productRef = A05F1B68297F9FA500169210 /* FirebaseAppCheck */; };
		A05F1B6B297F9FA500169210 /* FirebaseAppDistribution-Beta in Frameworks */ = {isa = PBXBuildFile; productRef = A05F1B6A297F9FA500169210 /* FirebaseAppDistribution-Beta */; };
		A05F1B6D297F9FA500169210 /* FirebaseAuth in Frameworks */ = {isa = PBXBuildFile; productRef = A05F1B6C297F9FA500169210 /* FirebaseAuth */; };
		A05F1B6F297F9FA500169210 /* FirebaseAuthCombine-Community in Frameworks */ = {isa = PBXBuildFile; productRef = A05F1B6E297F9FA500169210 /* FirebaseAuthCombine-Community */; };
		A05F1B71297F9FA500169210 /* FirebaseCrashlytics in Frameworks */ = {isa = PBXBuildFile; productRef = A05F1B70297F9FA500169210 /* FirebaseCrashlytics */; };
		A05F1B73297F9FA500169210 /* FirebaseDatabase in Frameworks */ = {isa = PBXBuildFile; productRef = A05F1B72297F9FA500169210 /* FirebaseDatabase */; };
		A05F1B75297F9FA500169210 /* FirebaseDatabaseSwift in Frameworks */ = {isa = PBXBuildFile; productRef = A05F1B74297F9FA500169210 /* FirebaseDatabaseSwift */; };
		A05F1B77297F9FA500169210 /* FirebaseDynamicLinks in Frameworks */ = {isa = PBXBuildFile; productRef = A05F1B76297F9FA500169210 /* FirebaseDynamicLinks */; };
		A05F1B79297F9FA500169210 /* FirebaseFirestore in Frameworks */ = {isa = PBXBuildFile; productRef = A05F1B78297F9FA500169210 /* FirebaseFirestore */; };
		A05F1B7B297F9FA500169210 /* FirebaseFirestoreCombine-Community in Frameworks */ = {isa = PBXBuildFile; productRef = A05F1B7A297F9FA500169210 /* FirebaseFirestoreCombine-Community */; };
		A05F1B7D297F9FA500169210 /* FirebaseFirestoreSwift in Frameworks */ = {isa = PBXBuildFile; productRef = A05F1B7C297F9FA500169210 /* FirebaseFirestoreSwift */; };
		A05F1B7F297F9FA500169210 /* FirebaseFunctions in Frameworks */ = {isa = PBXBuildFile; productRef = A05F1B7E297F9FA500169210 /* FirebaseFunctions */; };
		A05F1B81297F9FA500169210 /* FirebaseFunctionsCombine-Community in Frameworks */ = {isa = PBXBuildFile; productRef = A05F1B80297F9FA500169210 /* FirebaseFunctionsCombine-Community */; };
		A05F1B83297F9FA500169210 /* FirebaseInAppMessaging-Beta in Frameworks */ = {isa = PBXBuildFile; productRef = A05F1B82297F9FA500169210 /* FirebaseInAppMessaging-Beta */; };
		A05F1B85297F9FA500169210 /* FirebaseInAppMessagingSwift-Beta in Frameworks */ = {isa = PBXBuildFile; productRef = A05F1B84297F9FA500169210 /* FirebaseInAppMessagingSwift-Beta */; };
		A05F1B87297F9FA500169210 /* FirebaseInstallations in Frameworks */ = {isa = PBXBuildFile; productRef = A05F1B86297F9FA500169210 /* FirebaseInstallations */; };
		A05F1B89297F9FA500169210 /* FirebaseMLModelDownloader in Frameworks */ = {isa = PBXBuildFile; productRef = A05F1B88297F9FA500169210 /* FirebaseMLModelDownloader */; };
		A05F1B8B297F9FA500169210 /* FirebaseMessaging in Frameworks */ = {isa = PBXBuildFile; productRef = A05F1B8A297F9FA500169210 /* FirebaseMessaging */; };
		A05F1B8D297F9FA500169210 /* FirebasePerformance in Frameworks */ = {isa = PBXBuildFile; productRef = A05F1B8C297F9FA500169210 /* FirebasePerformance */; };
		A05F1B8F297F9FA500169210 /* FirebaseRemoteConfig in Frameworks */ = {isa = PBXBuildFile; productRef = A05F1B8E297F9FA500169210 /* FirebaseRemoteConfig */; };
		A05F1B91297F9FA500169210 /* FirebaseRemoteConfigSwift in Frameworks */ = {isa = PBXBuildFile; productRef = A05F1B90297F9FA500169210 /* FirebaseRemoteConfigSwift */; };
		A05F1B93297F9FA500169210 /* FirebaseStorage in Frameworks */ = {isa = PBXBuildFile; productRef = A05F1B92297F9FA500169210 /* FirebaseStorage */; };
		A05F1B95297F9FA500169210 /* FirebaseStorageCombine-Community in Frameworks */ = {isa = PBXBuildFile; productRef = A05F1B94297F9FA500169210 /* FirebaseStorageCombine-Community */; };
		A05F1B97297FA06800169210 /* GoogleService-Info.plist in Resources */ = {isa = PBXBuildFile; fileRef = A05F1B96297FA06700169210 /* GoogleService-Info.plist */; };
/* End PBXBuildFile section */

/* Begin PBXFileReference section */
		A03352F4297D227900100545 /* Messenger.app */ = {isa = PBXFileReference; explicitFileType = wrapper.application; includeInIndex = 0; path = Messenger.app; sourceTree = BUILT_PRODUCTS_DIR; };
		A03352F7297D227900100545 /* AppDelegate.swift */ = {isa = PBXFileReference; lastKnownFileType = sourcecode.swift; path = AppDelegate.swift; sourceTree = "<group>"; };
		A03352F9297D227900100545 /* SceneDelegate.swift */ = {isa = PBXFileReference; lastKnownFileType = sourcecode.swift; path = SceneDelegate.swift; sourceTree = "<group>"; };
		A03352FB297D227900100545 /* ConversationsViewController.swift */ = {isa = PBXFileReference; lastKnownFileType = sourcecode.swift; path = ConversationsViewController.swift; sourceTree = "<group>"; };
		A03352FE297D227900100545 /* Base */ = {isa = PBXFileReference; lastKnownFileType = file.storyboard; name = Base; path = Base.lproj/Main.storyboard; sourceTree = "<group>"; };
		A0335300297D227D00100545 /* Assets.xcassets */ = {isa = PBXFileReference; lastKnownFileType = folder.assetcatalog; path = Assets.xcassets; sourceTree = "<group>"; };
		A0335303297D227E00100545 /* Base */ = {isa = PBXFileReference; lastKnownFileType = file.storyboard; name = Base; path = Base.lproj/LaunchScreen.storyboard; sourceTree = "<group>"; };
		A0335305297D227E00100545 /* Info.plist */ = {isa = PBXFileReference; lastKnownFileType = text.plist.xml; path = Info.plist; sourceTree = "<group>"; };
		A0335311297D291700100545 /* LoginViewController.swift */ = {isa = PBXFileReference; lastKnownFileType = sourcecode.swift; path = LoginViewController.swift; sourceTree = "<group>"; };
		A0335313297D292100100545 /* RegisterViewController.swift */ = {isa = PBXFileReference; lastKnownFileType = sourcecode.swift; path = RegisterViewController.swift; sourceTree = "<group>"; };
		A0335315297D293100100545 /* PhotoViewerViewController.swift */ = {isa = PBXFileReference; lastKnownFileType = sourcecode.swift; path = PhotoViewerViewController.swift; sourceTree = "<group>"; };
		A0335317297D293F00100545 /* VideoPlayerViewController.swift */ = {isa = PBXFileReference; lastKnownFileType = sourcecode.swift; path = VideoPlayerViewController.swift; sourceTree = "<group>"; };
		A0335319297D294F00100545 /* NewConversationViewController.swift */ = {isa = PBXFileReference; lastKnownFileType = sourcecode.swift; path = NewConversationViewController.swift; sourceTree = "<group>"; };
		A033531B297D295A00100545 /* ProfileViewController.swift */ = {isa = PBXFileReference; lastKnownFileType = sourcecode.swift; path = ProfileViewController.swift; sourceTree = "<group>"; };
		A033531E297E938700100545 /* Extensions.swift */ = {isa = PBXFileReference; lastKnownFileType = sourcecode.swift; path = Extensions.swift; sourceTree = "<group>"; };
		A05F1B96297FA06700169210 /* GoogleService-Info.plist */ = {isa = PBXFileReference; fileEncoding = 4; lastKnownFileType = text.plist.xml; path = "GoogleService-Info.plist"; sourceTree = "<group>"; };
/* End PBXFileReference section */

/* Begin PBXFrameworksBuildPhase section */
		A03352F1297D227900100545 /* Frameworks */ = {
			isa = PBXFrameworksBuildPhase;
			buildActionMask = 2147483647;
			files = (
				A05F1B73297F9FA500169210 /* FirebaseDatabase in Frameworks */,
				A05F1B81297F9FA500169210 /* FirebaseFunctionsCombine-Community in Frameworks */,
				A05F1B79297F9FA500169210 /* FirebaseFirestore in Frameworks */,
				A05F1B65297F9FA500169210 /* FirebaseAnalyticsSwift in Frameworks */,
				A05F1B61297F9FA500169210 /* FirebaseAnalytics in Frameworks */,
				A05F1B63297F9FA500169210 /* FirebaseAnalyticsOnDeviceConversion in Frameworks */,
				A05F1B89297F9FA500169210 /* FirebaseMLModelDownloader in Frameworks */,
				A05F1B7D297F9FA500169210 /* FirebaseFirestoreSwift in Frameworks */,
				A05F1B69297F9FA500169210 /* FirebaseAppCheck in Frameworks */,
				A05F1B67297F9FA500169210 /* FirebaseAnalyticsWithoutAdIdSupport in Frameworks */,
				A05F1B6D297F9FA500169210 /* FirebaseAuth in Frameworks */,
				A05F1B71297F9FA500169210 /* FirebaseCrashlytics in Frameworks */,
				A05F1B91297F9FA500169210 /* FirebaseRemoteConfigSwift in Frameworks */,
				A05F1B83297F9FA500169210 /* FirebaseInAppMessaging-Beta in Frameworks */,
				A05F1B75297F9FA500169210 /* FirebaseDatabaseSwift in Frameworks */,
				A05F1B7F297F9FA500169210 /* FirebaseFunctions in Frameworks */,
				A05F1B95297F9FA500169210 /* FirebaseStorageCombine-Community in Frameworks */,
				A05F1B8F297F9FA500169210 /* FirebaseRemoteConfig in Frameworks */,
				A05F1B6B297F9FA500169210 /* FirebaseAppDistribution-Beta in Frameworks */,
				A05F1B6F297F9FA500169210 /* FirebaseAuthCombine-Community in Frameworks */,
				A05F1B8D297F9FA500169210 /* FirebasePerformance in Frameworks */,
				A05F1B85297F9FA500169210 /* FirebaseInAppMessagingSwift-Beta in Frameworks */,
				A05F1B93297F9FA500169210 /* FirebaseStorage in Frameworks */,
				A05F1B77297F9FA500169210 /* FirebaseDynamicLinks in Frameworks */,
				A05F1B7B297F9FA500169210 /* FirebaseFirestoreCombine-Community in Frameworks */,
				A05F1B8B297F9FA500169210 /* FirebaseMessaging in Frameworks */,
				A05F1B87297F9FA500169210 /* FirebaseInstallations in Frameworks */,
			);
			runOnlyForDeploymentPostprocessing = 0;
		};
/* End PBXFrameworksBuildPhase section */

/* Begin PBXGroup section */
		A03352EB297D227900100545 = {
			isa = PBXGroup;
			children = (
				A03352F6297D227900100545 /* Messenger */,
				A03352F5297D227900100545 /* Products */,
			);
			sourceTree = "<group>";
		};
		A03352F5297D227900100545 /* Products */ = {
			isa = PBXGroup;
			children = (
				A03352F4297D227900100545 /* Messenger.app */,
			);
			name = Products;
			sourceTree = "<group>";
		};
		A03352F6297D227900100545 /* Messenger */ = {
			isa = PBXGroup;
			children = (
				A033530F297D244E00100545 /* Resources */,
				A033530E297D244300100545 /* ViewModels */,
				A033530D297D243A00100545 /* Models */,
				A033530C297D242E00100545 /* Views */,
				A033530B297D241E00100545 /* Controllers */,
				A0335305297D227E00100545 /* Info.plist */,
				A05F1B96297FA06700169210 /* GoogleService-Info.plist */,
			);
			path = Messenger;
			sourceTree = "<group>";
		};
		A033530B297D241E00100545 /* Controllers */ = {
			isa = PBXGroup;
			children = (
				A033531D297D2CAE00100545 /* Login */,
				A03352FB297D227900100545 /* ConversationsViewController.swift */,
				A0335315297D293100100545 /* PhotoViewerViewController.swift */,
				A0335317297D293F00100545 /* VideoPlayerViewController.swift */,
				A0335319297D294F00100545 /* NewConversationViewController.swift */,
				A033531B297D295A00100545 /* ProfileViewController.swift */,
			);
			path = Controllers;
			sourceTree = "<group>";
		};
		A033530C297D242E00100545 /* Views */ = {
			isa = PBXGroup;
			children = (
				A0335310297D246E00100545 /* Storyboards */,
				A0335300297D227D00100545 /* Assets.xcassets */,
			);
			path = Views;
			sourceTree = "<group>";
		};
		A033530D297D243A00100545 /* Models */ = {
			isa = PBXGroup;
			children = (
			);
			path = Models;
			sourceTree = "<group>";
		};
		A033530E297D244300100545 /* ViewModels */ = {
			isa = PBXGroup;
			children = (
			);
			path = ViewModels;
			sourceTree = "<group>";
		};
		A033530F297D244E00100545 /* Resources */ = {
			isa = PBXGroup;
			children = (
				A03352F7297D227900100545 /* AppDelegate.swift */,
				A03352F9297D227900100545 /* SceneDelegate.swift */,
				A033531E297E938700100545 /* Extensions.swift */,
			);
			path = Resources;
			sourceTree = "<group>";
		};
		A0335310297D246E00100545 /* Storyboards */ = {
			isa = PBXGroup;
			children = (
				A03352FD297D227900100545 /* Main.storyboard */,
				A0335302297D227E00100545 /* LaunchScreen.storyboard */,
			);
			path = Storyboards;
			sourceTree = "<group>";
		};
		A033531D297D2CAE00100545 /* Login */ = {
			isa = PBXGroup;
			children = (
				A0335311297D291700100545 /* LoginViewController.swift */,
				A0335313297D292100100545 /* RegisterViewController.swift */,
			);
			path = Login;
			sourceTree = "<group>";
		};
/* End PBXGroup section */

/* Begin PBXNativeTarget section */
		A03352F3297D227900100545 /* Messenger */ = {
			isa = PBXNativeTarget;
			buildConfigurationList = A0335308297D227E00100545 /* Build configuration list for PBXNativeTarget "Messenger" */;
			buildPhases = (
				A03352F0297D227900100545 /* Sources */,
				A03352F1297D227900100545 /* Frameworks */,
				A03352F2297D227900100545 /* Resources */,
			);
			buildRules = (
			);
			dependencies = (
			);
			name = Messenger;
			packageProductDependencies = (
				A05F1B60297F9FA500169210 /* FirebaseAnalytics */,
				A05F1B62297F9FA500169210 /* FirebaseAnalyticsOnDeviceConversion */,
				A05F1B64297F9FA500169210 /* FirebaseAnalyticsSwift */,
				A05F1B66297F9FA500169210 /* FirebaseAnalyticsWithoutAdIdSupport */,
				A05F1B68297F9FA500169210 /* FirebaseAppCheck */,
				A05F1B6A297F9FA500169210 /* FirebaseAppDistribution-Beta */,
				A05F1B6C297F9FA500169210 /* FirebaseAuth */,
				A05F1B6E297F9FA500169210 /* FirebaseAuthCombine-Community */,
				A05F1B70297F9FA500169210 /* FirebaseCrashlytics */,
				A05F1B72297F9FA500169210 /* FirebaseDatabase */,
				A05F1B74297F9FA500169210 /* FirebaseDatabaseSwift */,
				A05F1B76297F9FA500169210 /* FirebaseDynamicLinks */,
				A05F1B78297F9FA500169210 /* FirebaseFirestore */,
				A05F1B7A297F9FA500169210 /* FirebaseFirestoreCombine-Community */,
				A05F1B7C297F9FA500169210 /* FirebaseFirestoreSwift */,
				A05F1B7E297F9FA500169210 /* FirebaseFunctions */,
				A05F1B80297F9FA500169210 /* FirebaseFunctionsCombine-Community */,
				A05F1B82297F9FA500169210 /* FirebaseInAppMessaging-Beta */,
				A05F1B84297F9FA500169210 /* FirebaseInAppMessagingSwift-Beta */,
				A05F1B86297F9FA500169210 /* FirebaseInstallations */,
				A05F1B88297F9FA500169210 /* FirebaseMLModelDownloader */,
				A05F1B8A297F9FA500169210 /* FirebaseMessaging */,
				A05F1B8C297F9FA500169210 /* FirebasePerformance */,
				A05F1B8E297F9FA500169210 /* FirebaseRemoteConfig */,
				A05F1B90297F9FA500169210 /* FirebaseRemoteConfigSwift */,
				A05F1B92297F9FA500169210 /* FirebaseStorage */,
				A05F1B94297F9FA500169210 /* FirebaseStorageCombine-Community */,
			);
			productName = Messenger;
			productReference = A03352F4297D227900100545 /* Messenger.app */;
			productType = "com.apple.product-type.application";
		};
/* End PBXNativeTarget section */

/* Begin PBXProject section */
		A03352EC297D227900100545 /* Project object */ = {
			isa = PBXProject;
			attributes = {
				BuildIndependentTargetsInParallel = 1;
				LastSwiftUpdateCheck = 1400;
				LastUpgradeCheck = 1400;
				TargetAttributes = {
					A03352F3297D227900100545 = {
						CreatedOnToolsVersion = 14.0.1;
					};
				};
			};
			buildConfigurationList = A03352EF297D227900100545 /* Build configuration list for PBXProject "Messenger" */;
			compatibilityVersion = "Xcode 14.0";
			developmentRegion = en;
			hasScannedForEncodings = 0;
			knownRegions = (
				en,
				Base,
			);
			mainGroup = A03352EB297D227900100545;
			packageReferences = (
				A05F1B5F297F9FA500169210 /* XCRemoteSwiftPackageReference "firebase-ios-sdk" */,
			);
			productRefGroup = A03352F5297D227900100545 /* Products */;
			projectDirPath = "";
			projectRoot = "";
			targets = (
				A03352F3297D227900100545 /* Messenger */,
			);
		};
/* End PBXProject section */

/* Begin PBXResourcesBuildPhase section */
		A03352F2297D227900100545 /* Resources */ = {
			isa = PBXResourcesBuildPhase;
			buildActionMask = 2147483647;
			files = (
				A0335304297D227E00100545 /* LaunchScreen.storyboard in Resources */,
				A0335301297D227D00100545 /* Assets.xcassets in Resources */,
				A03352FF297D227900100545 /* Main.storyboard in Resources */,
				A05F1B97297FA06800169210 /* GoogleService-Info.plist in Resources */,
			);
			runOnlyForDeploymentPostprocessing = 0;
		};
/* End PBXResourcesBuildPhase section */

/* Begin PBXSourcesBuildPhase section */
		A03352F0297D227900100545 /* Sources */ = {
			isa = PBXSourcesBuildPhase;
			buildActionMask = 2147483647;
			files = (
				A0335312297D291700100545 /* LoginViewController.swift in Sources */,
				A0335314297D292100100545 /* RegisterViewController.swift in Sources */,
				A033531A297D294F00100545 /* NewConversationViewController.swift in Sources */,
				A03352FC297D227900100545 /* ConversationsViewController.swift in Sources */,
				A0335318297D293F00100545 /* VideoPlayerViewController.swift in Sources */,
				A033531F297E938700100545 /* Extensions.swift in Sources */,
				A03352F8297D227900100545 /* AppDelegate.swift in Sources */,
				A033531C297D295A00100545 /* ProfileViewController.swift in Sources */,
				A03352FA297D227900100545 /* SceneDelegate.swift in Sources */,
				A0335316297D293100100545 /* PhotoViewerViewController.swift in Sources */,
			);
			runOnlyForDeploymentPostprocessing = 0;
		};
/* End PBXSourcesBuildPhase section */

/* Begin PBXVariantGroup section */
		A03352FD297D227900100545 /* Main.storyboard */ = {
			isa = PBXVariantGroup;
			children = (
				A03352FE297D227900100545 /* Base */,
			);
			name = Main.storyboard;
			sourceTree = "<group>";
		};
		A0335302297D227E00100545 /* LaunchScreen.storyboard */ = {
			isa = PBXVariantGroup;
			children = (
				A0335303297D227E00100545 /* Base */,
			);
			name = LaunchScreen.storyboard;
			sourceTree = "<group>";
		};
/* End PBXVariantGroup section */

/* Begin XCBuildConfiguration section */
		A0335306297D227E00100545 /* Debug */ = {
			isa = XCBuildConfiguration;
			buildSettings = {
				ALWAYS_SEARCH_USER_PATHS = NO;
				CLANG_ANALYZER_NONNULL = YES;
				CLANG_ANALYZER_NUMBER_OBJECT_CONVERSION = YES_AGGRESSIVE;
				CLANG_CXX_LANGUAGE_STANDARD = "gnu++20";
				CLANG_ENABLE_MODULES = YES;
				CLANG_ENABLE_OBJC_ARC = YES;
				CLANG_ENABLE_OBJC_WEAK = YES;
				CLANG_WARN_BLOCK_CAPTURE_AUTORELEASING = YES;
				CLANG_WARN_BOOL_CONVERSION = YES;
				CLANG_WARN_COMMA = YES;
				CLANG_WARN_CONSTANT_CONVERSION = YES;
				CLANG_WARN_DEPRECATED_OBJC_IMPLEMENTATIONS = YES;
				CLANG_WARN_DIRECT_OBJC_ISA_USAGE = YES_ERROR;
				CLANG_WARN_DOCUMENTATION_COMMENTS = YES;
				CLANG_WARN_EMPTY_BODY = YES;
				CLANG_WARN_ENUM_CONVERSION = YES;
				CLANG_WARN_INFINITE_RECURSION = YES;
				CLANG_WARN_INT_CONVERSION = YES;
				CLANG_WARN_NON_LITERAL_NULL_CONVERSION = YES;
				CLANG_WARN_OBJC_IMPLICIT_RETAIN_SELF = YES;
				CLANG_WARN_OBJC_LITERAL_CONVERSION = YES;
				CLANG_WARN_OBJC_ROOT_CLASS = YES_ERROR;
				CLANG_WARN_QUOTED_INCLUDE_IN_FRAMEWORK_HEADER = YES;
				CLANG_WARN_RANGE_LOOP_ANALYSIS = YES;
				CLANG_WARN_STRICT_PROTOTYPES = YES;
				CLANG_WARN_SUSPICIOUS_MOVE = YES;
				CLANG_WARN_UNGUARDED_AVAILABILITY = YES_AGGRESSIVE;
				CLANG_WARN_UNREACHABLE_CODE = YES;
				CLANG_WARN__DUPLICATE_METHOD_MATCH = YES;
				COPY_PHASE_STRIP = NO;
				DEBUG_INFORMATION_FORMAT = dwarf;
				ENABLE_STRICT_OBJC_MSGSEND = YES;
				ENABLE_TESTABILITY = YES;
				GCC_C_LANGUAGE_STANDARD = gnu11;
				GCC_DYNAMIC_NO_PIC = NO;
				GCC_NO_COMMON_BLOCKS = YES;
				GCC_OPTIMIZATION_LEVEL = 0;
				GCC_PREPROCESSOR_DEFINITIONS = (
					"DEBUG=1",
					"$(inherited)",
				);
				GCC_WARN_64_TO_32_BIT_CONVERSION = YES;
				GCC_WARN_ABOUT_RETURN_TYPE = YES_ERROR;
				GCC_WARN_UNDECLARED_SELECTOR = YES;
				GCC_WARN_UNINITIALIZED_AUTOS = YES_AGGRESSIVE;
				GCC_WARN_UNUSED_FUNCTION = YES;
				GCC_WARN_UNUSED_VARIABLE = YES;
				IPHONEOS_DEPLOYMENT_TARGET = 16.0;
				MTL_ENABLE_DEBUG_INFO = INCLUDE_SOURCE;
				MTL_FAST_MATH = YES;
				ONLY_ACTIVE_ARCH = YES;
				SDKROOT = iphoneos;
				SWIFT_ACTIVE_COMPILATION_CONDITIONS = DEBUG;
				SWIFT_OPTIMIZATION_LEVEL = "-Onone";
			};
			name = Debug;
		};
		A0335307297D227E00100545 /* Release */ = {
			isa = XCBuildConfiguration;
			buildSettings = {
				ALWAYS_SEARCH_USER_PATHS = NO;
				CLANG_ANALYZER_NONNULL = YES;
				CLANG_ANALYZER_NUMBER_OBJECT_CONVERSION = YES_AGGRESSIVE;
				CLANG_CXX_LANGUAGE_STANDARD = "gnu++20";
				CLANG_ENABLE_MODULES = YES;
				CLANG_ENABLE_OBJC_ARC = YES;
				CLANG_ENABLE_OBJC_WEAK = YES;
				CLANG_WARN_BLOCK_CAPTURE_AUTORELEASING = YES;
				CLANG_WARN_BOOL_CONVERSION = YES;
				CLANG_WARN_COMMA = YES;
				CLANG_WARN_CONSTANT_CONVERSION = YES;
				CLANG_WARN_DEPRECATED_OBJC_IMPLEMENTATIONS = YES;
				CLANG_WARN_DIRECT_OBJC_ISA_USAGE = YES_ERROR;
				CLANG_WARN_DOCUMENTATION_COMMENTS = YES;
				CLANG_WARN_EMPTY_BODY = YES;
				CLANG_WARN_ENUM_CONVERSION = YES;
				CLANG_WARN_INFINITE_RECURSION = YES;
				CLANG_WARN_INT_CONVERSION = YES;
				CLANG_WARN_NON_LITERAL_NULL_CONVERSION = YES;
				CLANG_WARN_OBJC_IMPLICIT_RETAIN_SELF = YES;
				CLANG_WARN_OBJC_LITERAL_CONVERSION = YES;
				CLANG_WARN_OBJC_ROOT_CLASS = YES_ERROR;
				CLANG_WARN_QUOTED_INCLUDE_IN_FRAMEWORK_HEADER = YES;
				CLANG_WARN_RANGE_LOOP_ANALYSIS = YES;
				CLANG_WARN_STRICT_PROTOTYPES = YES;
				CLANG_WARN_SUSPICIOUS_MOVE = YES;
				CLANG_WARN_UNGUARDED_AVAILABILITY = YES_AGGRESSIVE;
				CLANG_WARN_UNREACHABLE_CODE = YES;
				CLANG_WARN__DUPLICATE_METHOD_MATCH = YES;
				COPY_PHASE_STRIP = NO;
				DEBUG_INFORMATION_FORMAT = "dwarf-with-dsym";
				ENABLE_NS_ASSERTIONS = NO;
				ENABLE_STRICT_OBJC_MSGSEND = YES;
				GCC_C_LANGUAGE_STANDARD = gnu11;
				GCC_NO_COMMON_BLOCKS = YES;
				GCC_WARN_64_TO_32_BIT_CONVERSION = YES;
				GCC_WARN_ABOUT_RETURN_TYPE = YES_ERROR;
				GCC_WARN_UNDECLARED_SELECTOR = YES;
				GCC_WARN_UNINITIALIZED_AUTOS = YES_AGGRESSIVE;
				GCC_WARN_UNUSED_FUNCTION = YES;
				GCC_WARN_UNUSED_VARIABLE = YES;
				IPHONEOS_DEPLOYMENT_TARGET = 16.0;
				MTL_ENABLE_DEBUG_INFO = NO;
				MTL_FAST_MATH = YES;
				SDKROOT = iphoneos;
				SWIFT_COMPILATION_MODE = wholemodule;
				SWIFT_OPTIMIZATION_LEVEL = "-O";
				VALIDATE_PRODUCT = YES;
			};
			name = Release;
		};
		A0335309297D227E00100545 /* Debug */ = {
			isa = XCBuildConfiguration;
			buildSettings = {
				ASSETCATALOG_COMPILER_APPICON_NAME = AppIcon;
				ASSETCATALOG_COMPILER_GLOBAL_ACCENT_COLOR_NAME = AccentColor;
				CODE_SIGN_STYLE = Automatic;
				CURRENT_PROJECT_VERSION = 1;
				GENERATE_INFOPLIST_FILE = YES;
				INFOPLIST_FILE = Messenger/Info.plist;
				INFOPLIST_KEY_NSCameraUsageDescription = "Please allow access to take a profile picture";
				INFOPLIST_KEY_NSPhotoLibraryAddUsageDescription = "Please allow access to select a photo for your profile. ";
				INFOPLIST_KEY_UIApplicationSupportsIndirectInputEvents = YES;
				INFOPLIST_KEY_UILaunchStoryboardName = LaunchScreen;
				INFOPLIST_KEY_UIMainStoryboardFile = Main;
				INFOPLIST_KEY_UISupportedInterfaceOrientations = UIInterfaceOrientationPortrait;
				INFOPLIST_KEY_UISupportedInterfaceOrientations_iPad = "UIInterfaceOrientationPortrait UIInterfaceOrientationPortraitUpsideDown";
				LD_RUNPATH_SEARCH_PATHS = (
					"$(inherited)",
					"@executable_path/Frameworks",
				);
				MARKETING_VERSION = 1.0;
				PRODUCT_BUNDLE_IDENTIFIER = com.abkubatt.Messenger;
				PRODUCT_NAME = "$(TARGET_NAME)";
				SWIFT_EMIT_LOC_STRINGS = YES;
				SWIFT_VERSION = 5.0;
				TARGETED_DEVICE_FAMILY = "1,2";
			};
			name = Debug;
		};
		A033530A297D227E00100545 /* Release */ = {
			isa = XCBuildConfiguration;
			buildSettings = {
				ASSETCATALOG_COMPILER_APPICON_NAME = AppIcon;
				ASSETCATALOG_COMPILER_GLOBAL_ACCENT_COLOR_NAME = AccentColor;
				CODE_SIGN_STYLE = Automatic;
				CURRENT_PROJECT_VERSION = 1;
				GENERATE_INFOPLIST_FILE = YES;
				INFOPLIST_FILE = Messenger/Info.plist;
				INFOPLIST_KEY_NSCameraUsageDescription = "Please allow access to take a profile picture";
				INFOPLIST_KEY_NSPhotoLibraryAddUsageDescription = "Please allow access to select a photo for your profile. ";
				INFOPLIST_KEY_UIApplicationSupportsIndirectInputEvents = YES;
				INFOPLIST_KEY_UILaunchStoryboardName = LaunchScreen;
				INFOPLIST_KEY_UIMainStoryboardFile = Main;
				INFOPLIST_KEY_UISupportedInterfaceOrientations = UIInterfaceOrientationPortrait;
				INFOPLIST_KEY_UISupportedInterfaceOrientations_iPad = "UIInterfaceOrientationPortrait UIInterfaceOrientationPortraitUpsideDown";
				LD_RUNPATH_SEARCH_PATHS = (
					"$(inherited)",
					"@executable_path/Frameworks",
				);
				MARKETING_VERSION = 1.0;
				PRODUCT_BUNDLE_IDENTIFIER = com.abkubatt.Messenger;
				PRODUCT_NAME = "$(TARGET_NAME)";
				SWIFT_EMIT_LOC_STRINGS = YES;
				SWIFT_VERSION = 5.0;
				TARGETED_DEVICE_FAMILY = "1,2";
			};
			name = Release;
		};
/* End XCBuildConfiguration section */

/* Begin XCConfigurationList section */
		A03352EF297D227900100545 /* Build configuration list for PBXProject "Messenger" */ = {
			isa = XCConfigurationList;
			buildConfigurations = (
				A0335306297D227E00100545 /* Debug */,
				A0335307297D227E00100545 /* Release */,
			);
			defaultConfigurationIsVisible = 0;
			defaultConfigurationName = Release;
		};
		A0335308297D227E00100545 /* Build configuration list for PBXNativeTarget "Messenger" */ = {
			isa = XCConfigurationList;
			buildConfigurations = (
				A0335309297D227E00100545 /* Debug */,
				A033530A297D227E00100545 /* Release */,
			);
			defaultConfigurationIsVisible = 0;
			defaultConfigurationName = Release;
		};
/* End XCConfigurationList section */

/* Begin XCRemoteSwiftPackageReference section */
		A05F1B5F297F9FA500169210 /* XCRemoteSwiftPackageReference "firebase-ios-sdk" */ = {
			isa = XCRemoteSwiftPackageReference;
			repositoryURL = "https://github.com/firebase/firebase-ios-sdk";
			requirement = {
				kind = upToNextMajorVersion;
				minimumVersion = 9.0.0;
			};
		};
/* End XCRemoteSwiftPackageReference section */

/* Begin XCSwiftPackageProductDependency section */
		A05F1B60297F9FA500169210 /* FirebaseAnalytics */ = {
			isa = XCSwiftPackageProductDependency;
			package = A05F1B5F297F9FA500169210 /* XCRemoteSwiftPackageReference "firebase-ios-sdk" */;
			productName = FirebaseAnalytics;
		};
		A05F1B62297F9FA500169210 /* FirebaseAnalyticsOnDeviceConversion */ = {
			isa = XCSwiftPackageProductDependency;
			package = A05F1B5F297F9FA500169210 /* XCRemoteSwiftPackageReference "firebase-ios-sdk" */;
			productName = FirebaseAnalyticsOnDeviceConversion;
		};
		A05F1B64297F9FA500169210 /* FirebaseAnalyticsSwift */ = {
			isa = XCSwiftPackageProductDependency;
			package = A05F1B5F297F9FA500169210 /* XCRemoteSwiftPackageReference "firebase-ios-sdk" */;
			productName = FirebaseAnalyticsSwift;
		};
		A05F1B66297F9FA500169210 /* FirebaseAnalyticsWithoutAdIdSupport */ = {
			isa = XCSwiftPackageProductDependency;
			package = A05F1B5F297F9FA500169210 /* XCRemoteSwiftPackageReference "firebase-ios-sdk" */;
			productName = FirebaseAnalyticsWithoutAdIdSupport;
		};
		A05F1B68297F9FA500169210 /* FirebaseAppCheck */ = {
			isa = XCSwiftPackageProductDependency;
			package = A05F1B5F297F9FA500169210 /* XCRemoteSwiftPackageReference "firebase-ios-sdk" */;
			productName = FirebaseAppCheck;
		};
		A05F1B6A297F9FA500169210 /* FirebaseAppDistribution-Beta */ = {
			isa = XCSwiftPackageProductDependency;
			package = A05F1B5F297F9FA500169210 /* XCRemoteSwiftPackageReference "firebase-ios-sdk" */;
			productName = "FirebaseAppDistribution-Beta";
		};
		A05F1B6C297F9FA500169210 /* FirebaseAuth */ = {
			isa = XCSwiftPackageProductDependency;
			package = A05F1B5F297F9FA500169210 /* XCRemoteSwiftPackageReference "firebase-ios-sdk" */;
			productName = FirebaseAuth;
		};
		A05F1B6E297F9FA500169210 /* FirebaseAuthCombine-Community */ = {
			isa = XCSwiftPackageProductDependency;
			package = A05F1B5F297F9FA500169210 /* XCRemoteSwiftPackageReference "firebase-ios-sdk" */;
			productName = "FirebaseAuthCombine-Community";
		};
		A05F1B70297F9FA500169210 /* FirebaseCrashlytics */ = {
			isa = XCSwiftPackageProductDependency;
			package = A05F1B5F297F9FA500169210 /* XCRemoteSwiftPackageReference "firebase-ios-sdk" */;
			productName = FirebaseCrashlytics;
		};
		A05F1B72297F9FA500169210 /* FirebaseDatabase */ = {
			isa = XCSwiftPackageProductDependency;
			package = A05F1B5F297F9FA500169210 /* XCRemoteSwiftPackageReference "firebase-ios-sdk" */;
			productName = FirebaseDatabase;
		};
		A05F1B74297F9FA500169210 /* FirebaseDatabaseSwift */ = {
			isa = XCSwiftPackageProductDependency;
			package = A05F1B5F297F9FA500169210 /* XCRemoteSwiftPackageReference "firebase-ios-sdk" */;
			productName = FirebaseDatabaseSwift;
		};
		A05F1B76297F9FA500169210 /* FirebaseDynamicLinks */ = {
			isa = XCSwiftPackageProductDependency;
			package = A05F1B5F297F9FA500169210 /* XCRemoteSwiftPackageReference "firebase-ios-sdk" */;
			productName = FirebaseDynamicLinks;
		};
		A05F1B78297F9FA500169210 /* FirebaseFirestore */ = {
			isa = XCSwiftPackageProductDependency;
			package = A05F1B5F297F9FA500169210 /* XCRemoteSwiftPackageReference "firebase-ios-sdk" */;
			productName = FirebaseFirestore;
		};
		A05F1B7A297F9FA500169210 /* FirebaseFirestoreCombine-Community */ = {
			isa = XCSwiftPackageProductDependency;
			package = A05F1B5F297F9FA500169210 /* XCRemoteSwiftPackageReference "firebase-ios-sdk" */;
			productName = "FirebaseFirestoreCombine-Community";
		};
		A05F1B7C297F9FA500169210 /* FirebaseFirestoreSwift */ = {
			isa = XCSwiftPackageProductDependency;
			package = A05F1B5F297F9FA500169210 /* XCRemoteSwiftPackageReference "firebase-ios-sdk" */;
			productName = FirebaseFirestoreSwift;
		};
		A05F1B7E297F9FA500169210 /* FirebaseFunctions */ = {
			isa = XCSwiftPackageProductDependency;
			package = A05F1B5F297F9FA500169210 /* XCRemoteSwiftPackageReference "firebase-ios-sdk" */;
			productName = FirebaseFunctions;
		};
		A05F1B80297F9FA500169210 /* FirebaseFunctionsCombine-Community */ = {
			isa = XCSwiftPackageProductDependency;
			package = A05F1B5F297F9FA500169210 /* XCRemoteSwiftPackageReference "firebase-ios-sdk" */;
			productName = "FirebaseFunctionsCombine-Community";
		};
		A05F1B82297F9FA500169210 /* FirebaseInAppMessaging-Beta */ = {
			isa = XCSwiftPackageProductDependency;
			package = A05F1B5F297F9FA500169210 /* XCRemoteSwiftPackageReference "firebase-ios-sdk" */;
			productName = "FirebaseInAppMessaging-Beta";
		};
		A05F1B84297F9FA500169210 /* FirebaseInAppMessagingSwift-Beta */ = {
			isa = XCSwiftPackageProductDependency;
			package = A05F1B5F297F9FA500169210 /* XCRemoteSwiftPackageReference "firebase-ios-sdk" */;
			productName = "FirebaseInAppMessagingSwift-Beta";
		};
		A05F1B86297F9FA500169210 /* FirebaseInstallations */ = {
			isa = XCSwiftPackageProductDependency;
			package = A05F1B5F297F9FA500169210 /* XCRemoteSwiftPackageReference "firebase-ios-sdk" */;
			productName = FirebaseInstallations;
		};
		A05F1B88297F9FA500169210 /* FirebaseMLModelDownloader */ = {
			isa = XCSwiftPackageProductDependency;
			package = A05F1B5F297F9FA500169210 /* XCRemoteSwiftPackageReference "firebase-ios-sdk" */;
			productName = FirebaseMLModelDownloader;
		};
		A05F1B8A297F9FA500169210 /* FirebaseMessaging */ = {
			isa = XCSwiftPackageProductDependency;
			package = A05F1B5F297F9FA500169210 /* XCRemoteSwiftPackageReference "firebase-ios-sdk" */;
			productName = FirebaseMessaging;
		};
		A05F1B8C297F9FA500169210 /* FirebasePerformance */ = {
			isa = XCSwiftPackageProductDependency;
			package = A05F1B5F297F9FA500169210 /* XCRemoteSwiftPackageReference "firebase-ios-sdk" */;
			productName = FirebasePerformance;
		};
		A05F1B8E297F9FA500169210 /* FirebaseRemoteConfig */ = {
			isa = XCSwiftPackageProductDependency;
			package = A05F1B5F297F9FA500169210 /* XCRemoteSwiftPackageReference "firebase-ios-sdk" */;
			productName = FirebaseRemoteConfig;
		};
		A05F1B90297F9FA500169210 /* FirebaseRemoteConfigSwift */ = {
			isa = XCSwiftPackageProductDependency;
			package = A05F1B5F297F9FA500169210 /* XCRemoteSwiftPackageReference "firebase-ios-sdk" */;
			productName = FirebaseRemoteConfigSwift;
		};
		A05F1B92297F9FA500169210 /* FirebaseStorage */ = {
			isa = XCSwiftPackageProductDependency;
			package = A05F1B5F297F9FA500169210 /* XCRemoteSwiftPackageReference "firebase-ios-sdk" */;
			productName = FirebaseStorage;
		};
		A05F1B94297F9FA500169210 /* FirebaseStorageCombine-Community */ = {
			isa = XCSwiftPackageProductDependency;
			package = A05F1B5F297F9FA500169210 /* XCRemoteSwiftPackageReference "firebase-ios-sdk" */;
			productName = "FirebaseStorageCombine-Community";
		};
/* End XCSwiftPackageProductDependency section */
	};
	rootObject = A03352EC297D227900100545 /* Project object */;
}
